// !$*UTF8*$!
{
	archiveVersion = 1;
	classes = {
	};
	objectVersion = 46;
	objects = {

/* Begin PBXBuildFile section */
		4EBDC1F53BB82EC840C4590B /* Pods_yum.framework in Frameworks */ = {isa = PBXBuildFile; fileRef = 90F0A18912E4348BC4F9BB20 /* Pods_yum.framework */; };
		6182BECE1F6392420058EFA4 /* AppDelegate.swift in Sources */ = {isa = PBXBuildFile; fileRef = 6182BECD1F6392420058EFA4 /* AppDelegate.swift */; };
		6182BED31F6392420058EFA4 /* Main.storyboard in Resources */ = {isa = PBXBuildFile; fileRef = 6182BED11F6392420058EFA4 /* Main.storyboard */; };
		6182BED51F6392420058EFA4 /* Assets.xcassets in Resources */ = {isa = PBXBuildFile; fileRef = 6182BED41F6392420058EFA4 /* Assets.xcassets */; };
		6182BED81F6392420058EFA4 /* LaunchScreen.storyboard in Resources */ = {isa = PBXBuildFile; fileRef = 6182BED61F6392420058EFA4 /* LaunchScreen.storyboard */; };
		6182BEE21F64A3780058EFA4 /* LoginViewController.swift in Sources */ = {isa = PBXBuildFile; fileRef = 6182BEE11F64A3780058EFA4 /* LoginViewController.swift */; };
		6182BEE41F64CC650058EFA4 /* yum-icon-v5.png in Resources */ = {isa = PBXBuildFile; fileRef = 6182BEE31F64CC650058EFA4 /* yum-icon-v5.png */; };
		8A4BC7D41F6595E10088FB08 /* yum-logo2.png in Resources */ = {isa = PBXBuildFile; fileRef = 8A4BC7D31F6595E10088FB08 /* yum-logo2.png */; };
		8ACAA15B1F63935E00394B0B /* GeoFire.m in Sources */ = {isa = PBXBuildFile; fileRef = 8ACAA1521F63935E00394B0B /* GeoFire.m */; };
		8ACAA15C1F63935E00394B0B /* GFBase32Utils.m in Sources */ = {isa = PBXBuildFile; fileRef = 8ACAA1541F63935E00394B0B /* GFBase32Utils.m */; };
		8ACAA15D1F63935E00394B0B /* GFGeoHash.m in Sources */ = {isa = PBXBuildFile; fileRef = 8ACAA1561F63935E00394B0B /* GFGeoHash.m */; };
		8ACAA15E1F63935E00394B0B /* GFGeoHashQuery.m in Sources */ = {isa = PBXBuildFile; fileRef = 8ACAA1581F63935E00394B0B /* GFGeoHashQuery.m */; };
		8ACAA15F1F63935E00394B0B /* GFQuery.m in Sources */ = {isa = PBXBuildFile; fileRef = 8ACAA15A1F63935E00394B0B /* GFQuery.m */; };
		8ACAA1641F6395DE00394B0B /* GoogleService-Info.plist in Resources */ = {isa = PBXBuildFile; fileRef = 8ACAA1631F6395DE00394B0B /* GoogleService-Info.plist */; };
		8ACAA1671F63974100394B0B /* Truck.swift in Sources */ = {isa = PBXBuildFile; fileRef = 8ACAA1661F63974100394B0B /* Truck.swift */; };
		8ACAA1691F6397F000394B0B /* TruckHelper.swift in Sources */ = {isa = PBXBuildFile; fileRef = 8ACAA1681F6397F000394B0B /* TruckHelper.swift */; };
		8ACAA16C1F64322A00394B0B /* BaseUser.swift in Sources */ = {isa = PBXBuildFile; fileRef = 8ACAA16B1F64322A00394B0B /* BaseUser.swift */; };
		8ACAA16E1F64470F00394B0B /* BaseUserHelper.swift in Sources */ = {isa = PBXBuildFile; fileRef = 8ACAA16D1F64470F00394B0B /* BaseUserHelper.swift */; };
		8ACAA1701F644FCB00394B0B /* MapViewController.swift in Sources */ = {isa = PBXBuildFile; fileRef = 8ACAA16F1F644FCB00394B0B /* MapViewController.swift */; };
		8ACAA1721F6450CC00394B0B /* TrucksTableViewController.swift in Sources */ = {isa = PBXBuildFile; fileRef = 8ACAA1711F6450CC00394B0B /* TrucksTableViewController.swift */; };
		8ACAA1741F646F6100394B0B /* FoodTruckDetailViewController.swift in Sources */ = {isa = PBXBuildFile; fileRef = 8ACAA1731F646F6100394B0B /* FoodTruckDetailViewController.swift */; };
		8ACAA17A1F64981F00394B0B /* TruckAnnotationView.swift in Sources */ = {isa = PBXBuildFile; fileRef = 8ACAA1791F64981F00394B0B /* TruckAnnotationView.swift */; };
		8ACAA17C1F64986200394B0B /* yum-icon-v3.png in Resources */ = {isa = PBXBuildFile; fileRef = 8ACAA17B1F64986200394B0B /* yum-icon-v3.png */; };
		8ACAA1801F649B6000394B0B /* yum-annotate.png in Resources */ = {isa = PBXBuildFile; fileRef = 8ACAA17F1F649B6000394B0B /* yum-annotate.png */; };
/* End PBXBuildFile section */

/* Begin PBXFileReference section */
		511A81B9DE4FB7C693B78129 /* Pods-yum.debug.xcconfig */ = {isa = PBXFileReference; includeInIndex = 1; lastKnownFileType = text.xcconfig; name = "Pods-yum.debug.xcconfig"; path = "Pods/Target Support Files/Pods-yum/Pods-yum.debug.xcconfig"; sourceTree = "<group>"; };
		6182BECA1F6392420058EFA4 /* yum.app */ = {isa = PBXFileReference; explicitFileType = wrapper.application; includeInIndex = 0; path = yum.app; sourceTree = BUILT_PRODUCTS_DIR; };
		6182BECD1F6392420058EFA4 /* AppDelegate.swift */ = {isa = PBXFileReference; lastKnownFileType = sourcecode.swift; path = AppDelegate.swift; sourceTree = "<group>"; };
		6182BED21F6392420058EFA4 /* Base */ = {isa = PBXFileReference; lastKnownFileType = file.storyboard; name = Base; path = Base.lproj/Main.storyboard; sourceTree = "<group>"; };
		6182BED41F6392420058EFA4 /* Assets.xcassets */ = {isa = PBXFileReference; lastKnownFileType = folder.assetcatalog; path = Assets.xcassets; sourceTree = "<group>"; };
		6182BED71F6392420058EFA4 /* Base */ = {isa = PBXFileReference; lastKnownFileType = file.storyboard; name = Base; path = Base.lproj/LaunchScreen.storyboard; sourceTree = "<group>"; };
		6182BED91F6392420058EFA4 /* Info.plist */ = {isa = PBXFileReference; lastKnownFileType = text.plist.xml; path = Info.plist; sourceTree = "<group>"; };
		6182BEE11F64A3780058EFA4 /* LoginViewController.swift */ = {isa = PBXFileReference; fileEncoding = 4; lastKnownFileType = sourcecode.swift; path = LoginViewController.swift; sourceTree = "<group>"; };
		6182BEE31F64CC650058EFA4 /* yum-icon-v5.png */ = {isa = PBXFileReference; lastKnownFileType = image.png; path = "yum-icon-v5.png"; sourceTree = "<group>"; };
		8A4BC7D31F6595E10088FB08 /* yum-logo2.png */ = {isa = PBXFileReference; lastKnownFileType = image.png; path = "yum-logo2.png"; sourceTree = "<group>"; };
		8ACAA14B1F63935E00394B0B /* GeoFire.h */ = {isa = PBXFileReference; fileEncoding = 4; lastKnownFileType = sourcecode.c.h; path = GeoFire.h; sourceTree = "<group>"; };
		8ACAA14C1F63935E00394B0B /* GFCircleQuery.h */ = {isa = PBXFileReference; fileEncoding = 4; lastKnownFileType = sourcecode.c.h; path = GFCircleQuery.h; sourceTree = "<group>"; };
		8ACAA14D1F63935E00394B0B /* GFQuery.h */ = {isa = PBXFileReference; fileEncoding = 4; lastKnownFileType = sourcecode.c.h; path = GFQuery.h; sourceTree = "<group>"; };
		8ACAA14E1F63935E00394B0B /* GFRegionQuery.h */ = {isa = PBXFileReference; fileEncoding = 4; lastKnownFileType = sourcecode.c.h; path = GFRegionQuery.h; sourceTree = "<group>"; };
		8ACAA14F1F63935E00394B0B /* GeoFire-Prefix.pch */ = {isa = PBXFileReference; fileEncoding = 4; lastKnownFileType = sourcecode.c.h; path = "GeoFire-Prefix.pch"; sourceTree = "<group>"; };
		8ACAA1511F63935E00394B0B /* GeoFire+Private.h */ = {isa = PBXFileReference; fileEncoding = 4; lastKnownFileType = sourcecode.c.h; path = "GeoFire+Private.h"; sourceTree = "<group>"; };
		8ACAA1521F63935E00394B0B /* GeoFire.m */ = {isa = PBXFileReference; fileEncoding = 4; lastKnownFileType = sourcecode.c.objc; path = GeoFire.m; sourceTree = "<group>"; };
		8ACAA1531F63935E00394B0B /* GFBase32Utils.h */ = {isa = PBXFileReference; fileEncoding = 4; lastKnownFileType = sourcecode.c.h; path = GFBase32Utils.h; sourceTree = "<group>"; };
		8ACAA1541F63935E00394B0B /* GFBase32Utils.m */ = {isa = PBXFileReference; fileEncoding = 4; lastKnownFileType = sourcecode.c.objc; path = GFBase32Utils.m; sourceTree = "<group>"; };
		8ACAA1551F63935E00394B0B /* GFGeoHash.h */ = {isa = PBXFileReference; fileEncoding = 4; lastKnownFileType = sourcecode.c.h; path = GFGeoHash.h; sourceTree = "<group>"; };
		8ACAA1561F63935E00394B0B /* GFGeoHash.m */ = {isa = PBXFileReference; fileEncoding = 4; lastKnownFileType = sourcecode.c.objc; path = GFGeoHash.m; sourceTree = "<group>"; };
		8ACAA1571F63935E00394B0B /* GFGeoHashQuery.h */ = {isa = PBXFileReference; fileEncoding = 4; lastKnownFileType = sourcecode.c.h; path = GFGeoHashQuery.h; sourceTree = "<group>"; };
		8ACAA1581F63935E00394B0B /* GFGeoHashQuery.m */ = {isa = PBXFileReference; fileEncoding = 4; lastKnownFileType = sourcecode.c.objc; path = GFGeoHashQuery.m; sourceTree = "<group>"; };
		8ACAA1591F63935E00394B0B /* GFQuery+Private.h */ = {isa = PBXFileReference; fileEncoding = 4; lastKnownFileType = sourcecode.c.h; path = "GFQuery+Private.h"; sourceTree = "<group>"; };
		8ACAA15A1F63935E00394B0B /* GFQuery.m */ = {isa = PBXFileReference; fileEncoding = 4; lastKnownFileType = sourcecode.c.objc; path = GFQuery.m; sourceTree = "<group>"; };
		8ACAA1621F6393E400394B0B /* Bridging-Header.h */ = {isa = PBXFileReference; fileEncoding = 4; lastKnownFileType = sourcecode.c.h; path = "Bridging-Header.h"; sourceTree = "<group>"; };
		8ACAA1631F6395DE00394B0B /* GoogleService-Info.plist */ = {isa = PBXFileReference; fileEncoding = 4; lastKnownFileType = text.plist.xml; path = "GoogleService-Info.plist"; sourceTree = "<group>"; };
		8ACAA1661F63974100394B0B /* Truck.swift */ = {isa = PBXFileReference; fileEncoding = 4; lastKnownFileType = sourcecode.swift; path = Truck.swift; sourceTree = "<group>"; };
		8ACAA1681F6397F000394B0B /* TruckHelper.swift */ = {isa = PBXFileReference; fileEncoding = 4; lastKnownFileType = sourcecode.swift; path = TruckHelper.swift; sourceTree = "<group>"; };
		8ACAA16B1F64322A00394B0B /* BaseUser.swift */ = {isa = PBXFileReference; fileEncoding = 4; lastKnownFileType = sourcecode.swift; path = BaseUser.swift; sourceTree = "<group>"; };
		8ACAA16D1F64470F00394B0B /* BaseUserHelper.swift */ = {isa = PBXFileReference; fileEncoding = 4; lastKnownFileType = sourcecode.swift; path = BaseUserHelper.swift; sourceTree = "<group>"; };
		8ACAA16F1F644FCB00394B0B /* MapViewController.swift */ = {isa = PBXFileReference; fileEncoding = 4; lastKnownFileType = sourcecode.swift; path = MapViewController.swift; sourceTree = "<group>"; };
		8ACAA1711F6450CC00394B0B /* TrucksTableViewController.swift */ = {isa = PBXFileReference; fileEncoding = 4; lastKnownFileType = sourcecode.swift; path = TrucksTableViewController.swift; sourceTree = "<group>"; };
		8ACAA1731F646F6100394B0B /* FoodTruckDetailViewController.swift */ = {isa = PBXFileReference; fileEncoding = 4; lastKnownFileType = sourcecode.swift; path = FoodTruckDetailViewController.swift; sourceTree = "<group>"; };
		8ACAA1791F64981F00394B0B /* TruckAnnotationView.swift */ = {isa = PBXFileReference; fileEncoding = 4; lastKnownFileType = sourcecode.swift; path = TruckAnnotationView.swift; sourceTree = "<group>"; };
		8ACAA17B1F64986200394B0B /* yum-icon-v3.png */ = {isa = PBXFileReference; lastKnownFileType = image.png; path = "yum-icon-v3.png"; sourceTree = "<group>"; };
		8ACAA17F1F649B6000394B0B /* yum-annotate.png */ = {isa = PBXFileReference; lastKnownFileType = image.png; path = "yum-annotate.png"; sourceTree = "<group>"; };
		90F0A18912E4348BC4F9BB20 /* Pods_yum.framework */ = {isa = PBXFileReference; explicitFileType = wrapper.framework; includeInIndex = 0; path = Pods_yum.framework; sourceTree = BUILT_PRODUCTS_DIR; };
		FAEF705E95ED11EF24A8104A /* Pods-yum.release.xcconfig */ = {isa = PBXFileReference; includeInIndex = 1; lastKnownFileType = text.xcconfig; name = "Pods-yum.release.xcconfig"; path = "Pods/Target Support Files/Pods-yum/Pods-yum.release.xcconfig"; sourceTree = "<group>"; };
/* End PBXFileReference section */

/* Begin PBXFrameworksBuildPhase section */
		6182BEC71F6392420058EFA4 /* Frameworks */ = {
			isa = PBXFrameworksBuildPhase;
			buildActionMask = 2147483647;
			files = (
				4EBDC1F53BB82EC840C4590B /* Pods_yum.framework in Frameworks */,
			);
			runOnlyForDeploymentPostprocessing = 0;
		};
/* End PBXFrameworksBuildPhase section */

/* Begin PBXGroup section */
		6182BEC11F6392410058EFA4 = {
			isa = PBXGroup;
			children = (
				6182BECC1F6392420058EFA4 /* yum */,
				6182BECB1F6392420058EFA4 /* Products */,
				885643121946475EDFEF195E /* Pods */,
				C61955F3C6B73E2F3FF59C68 /* Frameworks */,
			);
			sourceTree = "<group>";
		};
		6182BECB1F6392420058EFA4 /* Products */ = {
			isa = PBXGroup;
			children = (
				6182BECA1F6392420058EFA4 /* yum.app */,
			);
			name = Products;
			sourceTree = "<group>";
		};
		6182BECC1F6392420058EFA4 /* yum */ = {
			isa = PBXGroup;
			children = (
				8A4BC7D31F6595E10088FB08 /* yum-logo2.png */,
				8ACAA17F1F649B6000394B0B /* yum-annotate.png */,
				6182BEE31F64CC650058EFA4 /* yum-icon-v5.png */,
				8ACAA17B1F64986200394B0B /* yum-icon-v3.png */,
				8ACAA16A1F6397F500394B0B /* Helpers */,
				8ACAA1651F63973700394B0B /* Models */,
				8ACAA1461F63933B00394B0B /* External Libraries */,
				8ACAA1811F64D52B00394B0B /* View Controllers */,
				6182BECD1F6392420058EFA4 /* AppDelegate.swift */,
				6182BED11F6392420058EFA4 /* Main.storyboard */,
				6182BED41F6392420058EFA4 /* Assets.xcassets */,
				6182BED61F6392420058EFA4 /* LaunchScreen.storyboard */,
				6182BED91F6392420058EFA4 /* Info.plist */,
				8ACAA1631F6395DE00394B0B /* GoogleService-Info.plist */,
				8ACAA1621F6393E400394B0B /* Bridging-Header.h */,
				8ACAA1791F64981F00394B0B /* TruckAnnotationView.swift */,
			);
			path = yum;
			sourceTree = "<group>";
		};
		885643121946475EDFEF195E /* Pods */ = {
			isa = PBXGroup;
			children = (
				511A81B9DE4FB7C693B78129 /* Pods-yum.debug.xcconfig */,
				FAEF705E95ED11EF24A8104A /* Pods-yum.release.xcconfig */,
			);
			name = Pods;
			sourceTree = "<group>";
		};
		8ACAA1461F63933B00394B0B /* External Libraries */ = {
			isa = PBXGroup;
			children = (
				8ACAA1491F63935E00394B0B /* GeoFire */,
			);
			name = "External Libraries";
			sourceTree = "<group>";
		};
		8ACAA1491F63935E00394B0B /* GeoFire */ = {
			isa = PBXGroup;
			children = (
				8ACAA14A1F63935E00394B0B /* API */,
				8ACAA14F1F63935E00394B0B /* GeoFire-Prefix.pch */,
				8ACAA1501F63935E00394B0B /* Implementation */,
			);
			path = GeoFire;
			sourceTree = "<group>";
		};
		8ACAA14A1F63935E00394B0B /* API */ = {
			isa = PBXGroup;
			children = (
				8ACAA14B1F63935E00394B0B /* GeoFire.h */,
				8ACAA14C1F63935E00394B0B /* GFCircleQuery.h */,
				8ACAA14D1F63935E00394B0B /* GFQuery.h */,
				8ACAA14E1F63935E00394B0B /* GFRegionQuery.h */,
			);
			path = API;
			sourceTree = "<group>";
		};
		8ACAA1501F63935E00394B0B /* Implementation */ = {
			isa = PBXGroup;
			children = (
				8ACAA1511F63935E00394B0B /* GeoFire+Private.h */,
				8ACAA1521F63935E00394B0B /* GeoFire.m */,
				8ACAA1531F63935E00394B0B /* GFBase32Utils.h */,
				8ACAA1541F63935E00394B0B /* GFBase32Utils.m */,
				8ACAA1551F63935E00394B0B /* GFGeoHash.h */,
				8ACAA1561F63935E00394B0B /* GFGeoHash.m */,
				8ACAA1571F63935E00394B0B /* GFGeoHashQuery.h */,
				8ACAA1581F63935E00394B0B /* GFGeoHashQuery.m */,
				8ACAA1591F63935E00394B0B /* GFQuery+Private.h */,
				8ACAA15A1F63935E00394B0B /* GFQuery.m */,
			);
			path = Implementation;
			sourceTree = "<group>";
		};
		8ACAA1651F63973700394B0B /* Models */ = {
			isa = PBXGroup;
			children = (
				8ACAA1661F63974100394B0B /* Truck.swift */,
				8ACAA16B1F64322A00394B0B /* BaseUser.swift */,
			);
			name = Models;
			sourceTree = "<group>";
		};
		8ACAA16A1F6397F500394B0B /* Helpers */ = {
			isa = PBXGroup;
			children = (
				8ACAA1681F6397F000394B0B /* TruckHelper.swift */,
				8ACAA16D1F64470F00394B0B /* BaseUserHelper.swift */,
			);
			name = Helpers;
			sourceTree = "<group>";
		};
		8ACAA1811F64D52B00394B0B /* View Controllers */ = {
			isa = PBXGroup;
			children = (
				8ACAA16F1F644FCB00394B0B /* MapViewController.swift */,
				8ACAA1711F6450CC00394B0B /* TrucksTableViewController.swift */,
				8ACAA1731F646F6100394B0B /* FoodTruckDetailViewController.swift */,
				6182BEE11F64A3780058EFA4 /* LoginViewController.swift */,
			);
			name = "View Controllers";
			sourceTree = "<group>";
		};
		C61955F3C6B73E2F3FF59C68 /* Frameworks */ = {
			isa = PBXGroup;
			children = (
				90F0A18912E4348BC4F9BB20 /* Pods_yum.framework */,
			);
			name = Frameworks;
			sourceTree = "<group>";
		};
/* End PBXGroup section */

/* Begin PBXNativeTarget section */
		6182BEC91F6392420058EFA4 /* yum */ = {
			isa = PBXNativeTarget;
			buildConfigurationList = 6182BEDC1F6392420058EFA4 /* Build configuration list for PBXNativeTarget "yum" */;
			buildPhases = (
				854F54BDC1B9C7466DC18F31 /* [CP] Check Pods Manifest.lock */,
				6182BEC61F6392420058EFA4 /* Sources */,
				6182BEC71F6392420058EFA4 /* Frameworks */,
				6182BEC81F6392420058EFA4 /* Resources */,
				943A4DC7B45A6A69EEC28A1F /* [CP] Embed Pods Frameworks */,
				B91B8221CEB754DB0D0B9567 /* [CP] Copy Pods Resources */,
			);
			buildRules = (
			);
			dependencies = (
			);
			name = yum;
			productName = yum;
			productReference = 6182BECA1F6392420058EFA4 /* yum.app */;
			productType = "com.apple.product-type.application";
		};
/* End PBXNativeTarget section */

/* Begin PBXProject section */
		6182BEC21F6392410058EFA4 /* Project object */ = {
			isa = PBXProject;
			attributes = {
				LastSwiftUpdateCheck = 0830;
				LastUpgradeCheck = 0830;
				ORGANIZATIONNAME = poeen;
				TargetAttributes = {
					6182BEC91F6392420058EFA4 = {
						CreatedOnToolsVersion = 8.3.2;
						DevelopmentTeam = JMQ9Y3A8K6;
						ProvisioningStyle = Automatic;
						SystemCapabilities = {
							com.apple.Maps.iOS = {
								enabled = 0;
							};
						};
					};
				};
			};
			buildConfigurationList = 6182BEC51F6392410058EFA4 /* Build configuration list for PBXProject "yum" */;
			compatibilityVersion = "Xcode 3.2";
			developmentRegion = English;
			hasScannedForEncodings = 0;
			knownRegions = (
				en,
				Base,
			);
			mainGroup = 6182BEC11F6392410058EFA4;
			productRefGroup = 6182BECB1F6392420058EFA4 /* Products */;
			projectDirPath = "";
			projectRoot = "";
			targets = (
				6182BEC91F6392420058EFA4 /* yum */,
			);
		};
/* End PBXProject section */

/* Begin PBXResourcesBuildPhase section */
		6182BEC81F6392420058EFA4 /* Resources */ = {
			isa = PBXResourcesBuildPhase;
			buildActionMask = 2147483647;
			files = (
				6182BED81F6392420058EFA4 /* LaunchScreen.storyboard in Resources */,
				8ACAA1801F649B6000394B0B /* yum-annotate.png in Resources */,
				8ACAA1641F6395DE00394B0B /* GoogleService-Info.plist in Resources */,
				8A4BC7D41F6595E10088FB08 /* yum-logo2.png in Resources */,
				8ACAA17C1F64986200394B0B /* yum-icon-v3.png in Resources */,
				6182BEE41F64CC650058EFA4 /* yum-icon-v5.png in Resources */,
				6182BED51F6392420058EFA4 /* Assets.xcassets in Resources */,
				6182BED31F6392420058EFA4 /* Main.storyboard in Resources */,
			);
			runOnlyForDeploymentPostprocessing = 0;
		};
/* End PBXResourcesBuildPhase section */

/* Begin PBXShellScriptBuildPhase section */
		854F54BDC1B9C7466DC18F31 /* [CP] Check Pods Manifest.lock */ = {
			isa = PBXShellScriptBuildPhase;
			buildActionMask = 2147483647;
			files = (
			);
			inputPaths = (
				"${PODS_PODFILE_DIR_PATH}/Podfile.lock",
				"${PODS_ROOT}/Manifest.lock",
			);
			name = "[CP] Check Pods Manifest.lock";
			outputPaths = (
				"$(DERIVED_FILE_DIR)/Pods-yum-checkManifestLockResult.txt",
			);
			runOnlyForDeploymentPostprocessing = 0;
			shellPath = /bin/sh;
			shellScript = "diff \"${PODS_PODFILE_DIR_PATH}/Podfile.lock\" \"${PODS_ROOT}/Manifest.lock\" > /dev/null\nif [ $? != 0 ] ; then\n    # print error to STDERR\n    echo \"error: The sandbox is not in sync with the Podfile.lock. Run 'pod install' or update your CocoaPods installation.\" >&2\n    exit 1\nfi\n# This output is used by Xcode 'outputs' to avoid re-running this script phase.\necho \"SUCCESS\" > \"${SCRIPT_OUTPUT_FILE_0}\"\n";
			showEnvVarsInLog = 0;
		};
		943A4DC7B45A6A69EEC28A1F /* [CP] Embed Pods Frameworks */ = {
			isa = PBXShellScriptBuildPhase;
			buildActionMask = 2147483647;
			files = (
			);
			inputPaths = (
				"${SRCROOT}/Pods/Target Support Files/Pods-yum/Pods-yum-frameworks.sh",
				"${BUILT_PRODUCTS_DIR}/Fakery/Fakery.framework",
				"${BUILT_PRODUCTS_DIR}/GTMSessionFetcher/GTMSessionFetcher.framework",
				"${BUILT_PRODUCTS_DIR}/GoogleToolboxForMac/GoogleToolboxForMac.framework",
				"${BUILT_PRODUCTS_DIR}/Kingfisher/Kingfisher.framework",
				"${BUILT_PRODUCTS_DIR}/Pulley/Pulley.framework",
			);
			name = "[CP] Embed Pods Frameworks";
			outputPaths = (
				"${TARGET_BUILD_DIR}/${FRAMEWORKS_FOLDER_PATH}/Fakery.framework",
				"${TARGET_BUILD_DIR}/${FRAMEWORKS_FOLDER_PATH}/GTMSessionFetcher.framework",
				"${TARGET_BUILD_DIR}/${FRAMEWORKS_FOLDER_PATH}/GoogleToolboxForMac.framework",
				"${TARGET_BUILD_DIR}/${FRAMEWORKS_FOLDER_PATH}/Kingfisher.framework",
				"${TARGET_BUILD_DIR}/${FRAMEWORKS_FOLDER_PATH}/Pulley.framework",
			);
			runOnlyForDeploymentPostprocessing = 0;
			shellPath = /bin/sh;
			shellScript = "\"${SRCROOT}/Pods/Target Support Files/Pods-yum/Pods-yum-frameworks.sh\"\n";
			showEnvVarsInLog = 0;
		};
		B91B8221CEB754DB0D0B9567 /* [CP] Copy Pods Resources */ = {
			isa = PBXShellScriptBuildPhase;
			buildActionMask = 2147483647;
			files = (
			);
			inputPaths = (
				"${SRCROOT}/Pods/Target Support Files/Pods-yum/Pods-yum-resources.sh",
				"${PODS_ROOT}/FirebaseUI/FirebaseUIFrameworks/FirebaseAuthUI/Frameworks/FirebaseAuthUI.framework/FUIAccountSettingsViewController.nib",
				"${PODS_ROOT}/FirebaseUI/FirebaseUIFrameworks/FirebaseAuthUI/Frameworks/FirebaseAuthUI.framework/FUIAuthPickerViewController.nib",
				"${PODS_ROOT}/FirebaseUI/FirebaseUIFrameworks/FirebaseAuthUI/Frameworks/FirebaseAuthUI.framework/FUIAuthTableViewCell.nib",
				"${PODS_ROOT}/FirebaseUI/FirebaseUIFrameworks/FirebaseAuthUI/Frameworks/FirebaseAuthUI.framework/FUIEmailEntryViewController.nib",
				"${PODS_ROOT}/FirebaseUI/FirebaseUIFrameworks/FirebaseAuthUI/Frameworks/FirebaseAuthUI.framework/FUIInputTableViewCell.nib",
				"${PODS_ROOT}/FirebaseUI/FirebaseUIFrameworks/FirebaseAuthUI/Frameworks/FirebaseAuthUI.framework/FUIPasswordRecoveryViewController.nib",
				"${PODS_ROOT}/FirebaseUI/FirebaseUIFrameworks/FirebaseAuthUI/Frameworks/FirebaseAuthUI.framework/FUIPasswordSignInViewController.nib",
				"${PODS_ROOT}/FirebaseUI/FirebaseUIFrameworks/FirebaseAuthUI/Frameworks/FirebaseAuthUI.framework/FUIPasswordSignUpViewController.nib",
				"${PODS_ROOT}/FirebaseUI/FirebaseUIFrameworks/FirebaseAuthUI/Frameworks/FirebaseAuthUI.framework/FUIPasswordTableViewCell.nib",
				"${PODS_ROOT}/FirebaseUI/FirebaseUIFrameworks/FirebaseAuthUI/Frameworks/FirebaseAuthUI.framework/FUIPasswordVerificationViewController.nib",
				"${PODS_ROOT}/FirebaseUI/FirebaseUIFrameworks/FirebaseAuthUI/Frameworks/FirebaseAuthUI.framework/FUIStaticContentTableViewController.nib",
				"${PODS_ROOT}/FirebaseUI/FirebaseUIFrameworks/FirebaseAuthUI/Frameworks/FirebaseAuthUI.framework/ic_email.png",
				"${PODS_ROOT}/FirebaseUI/FirebaseUIFrameworks/FirebaseAuthUI/Frameworks/FirebaseAuthUI.framework/ic_email@2x.png",
				"${PODS_ROOT}/FirebaseUI/FirebaseUIFrameworks/FirebaseAuthUI/Frameworks/FirebaseAuthUI.framework/ic_email@3x.png",
				"${PODS_ROOT}/FirebaseUI/FirebaseUIFrameworks/FirebaseAuthUI/Frameworks/FirebaseAuthUI.framework/ic_visibility.png",
				"${PODS_ROOT}/FirebaseUI/FirebaseUIFrameworks/FirebaseAuthUI/Frameworks/FirebaseAuthUI.framework/ic_visibility@2x.png",
				"${PODS_ROOT}/FirebaseUI/FirebaseUIFrameworks/FirebaseAuthUI/Frameworks/FirebaseAuthUI.framework/ic_visibility@3x.png",
				"${PODS_ROOT}/FirebaseUI/FirebaseUIFrameworks/FirebaseAuthUI/Frameworks/FirebaseAuthUI.framework/ic_visibility_off.png",
				"${PODS_ROOT}/FirebaseUI/FirebaseUIFrameworks/FirebaseAuthUI/Frameworks/FirebaseAuthUI.framework/ic_visibility_off@2x.png",
				"${PODS_ROOT}/FirebaseUI/FirebaseUIFrameworks/FirebaseAuthUI/Frameworks/FirebaseAuthUI.framework/ic_visibility_off@3x.png",
				"${PODS_ROOT}/FirebaseUI/FirebaseUIFrameworks/FirebaseAuthUI/Frameworks/FirebaseAuthUI.framework/ar.lproj",
				"${PODS_ROOT}/FirebaseUI/FirebaseUIFrameworks/FirebaseAuthUI/Frameworks/FirebaseAuthUI.framework/de.lproj",
				"${PODS_ROOT}/FirebaseUI/FirebaseUIFrameworks/FirebaseAuthUI/Frameworks/FirebaseAuthUI.framework/en-GB.lproj",
				"${PODS_ROOT}/FirebaseUI/FirebaseUIFrameworks/FirebaseAuthUI/Frameworks/FirebaseAuthUI.framework/en.lproj",
				"${PODS_ROOT}/FirebaseUI/FirebaseUIFrameworks/FirebaseAuthUI/Frameworks/FirebaseAuthUI.framework/es-419.lproj",
				"${PODS_ROOT}/FirebaseUI/FirebaseUIFrameworks/FirebaseAuthUI/Frameworks/FirebaseAuthUI.framework/es-ES.lproj",
				"${PODS_ROOT}/FirebaseUI/FirebaseUIFrameworks/FirebaseAuthUI/Frameworks/FirebaseAuthUI.framework/fr.lproj",
				"${PODS_ROOT}/FirebaseUI/FirebaseUIFrameworks/FirebaseAuthUI/Frameworks/FirebaseAuthUI.framework/it.lproj",
				"${PODS_ROOT}/FirebaseUI/FirebaseUIFrameworks/FirebaseAuthUI/Frameworks/FirebaseAuthUI.framework/ja.lproj",
				"${PODS_ROOT}/FirebaseUI/FirebaseUIFrameworks/FirebaseAuthUI/Frameworks/FirebaseAuthUI.framework/ko.lproj",
				"${PODS_ROOT}/FirebaseUI/FirebaseUIFrameworks/FirebaseAuthUI/Frameworks/FirebaseAuthUI.framework/nl.lproj",
				"${PODS_ROOT}/FirebaseUI/FirebaseUIFrameworks/FirebaseAuthUI/Frameworks/FirebaseAuthUI.framework/pl.lproj",
				"${PODS_ROOT}/FirebaseUI/FirebaseUIFrameworks/FirebaseAuthUI/Frameworks/FirebaseAuthUI.framework/pt-BR.lproj",
				"${PODS_ROOT}/FirebaseUI/FirebaseUIFrameworks/FirebaseAuthUI/Frameworks/FirebaseAuthUI.framework/ru.lproj",
				"${PODS_ROOT}/FirebaseUI/FirebaseUIFrameworks/FirebaseAuthUI/Frameworks/FirebaseAuthUI.framework/th.lproj",
				"${PODS_ROOT}/FirebaseUI/FirebaseUIFrameworks/FirebaseAuthUI/Frameworks/FirebaseAuthUI.framework/tr.lproj",
				"${PODS_ROOT}/FirebaseUI/FirebaseUIFrameworks/FirebaseAuthUI/Frameworks/FirebaseAuthUI.framework/zh-Hans.lproj",
				"${PODS_ROOT}/FirebaseUI/FirebaseUIFrameworks/FirebaseAuthUI/Frameworks/FirebaseAuthUI.framework/zh-Hant.lproj",
			);
			name = "[CP] Copy Pods Resources";
			outputPaths = (
				"${TARGET_BUILD_DIR}/${UNLOCALIZED_RESOURCES_FOLDER_PATH}",
			);
			runOnlyForDeploymentPostprocessing = 0;
			shellPath = /bin/sh;
			shellScript = "\"${SRCROOT}/Pods/Target Support Files/Pods-yum/Pods-yum-resources.sh\"\n";
			showEnvVarsInLog = 0;
		};
/* End PBXShellScriptBuildPhase section */

/* Begin PBXSourcesBuildPhase section */
		6182BEC61F6392420058EFA4 /* Sources */ = {
			isa = PBXSourcesBuildPhase;
			buildActionMask = 2147483647;
			files = (
				8ACAA15C1F63935E00394B0B /* GFBase32Utils.m in Sources */,
				8ACAA17A1F64981F00394B0B /* TruckAnnotationView.swift in Sources */,
				8ACAA1721F6450CC00394B0B /* TrucksTableViewController.swift in Sources */,
				6182BEE21F64A3780058EFA4 /* LoginViewController.swift in Sources */,
				8ACAA1741F646F6100394B0B /* FoodTruckDetailViewController.swift in Sources */,
				8ACAA15D1F63935E00394B0B /* GFGeoHash.m in Sources */,
				8ACAA1691F6397F000394B0B /* TruckHelper.swift in Sources */,
				6182BECE1F6392420058EFA4 /* AppDelegate.swift in Sources */,
				8ACAA15B1F63935E00394B0B /* GeoFire.m in Sources */,
				8ACAA15E1F63935E00394B0B /* GFGeoHashQuery.m in Sources */,
				8ACAA1701F644FCB00394B0B /* MapViewController.swift in Sources */,
				8ACAA15F1F63935E00394B0B /* GFQuery.m in Sources */,
				8ACAA16E1F64470F00394B0B /* BaseUserHelper.swift in Sources */,
				8ACAA1671F63974100394B0B /* Truck.swift in Sources */,
				8ACAA16C1F64322A00394B0B /* BaseUser.swift in Sources */,
			);
			runOnlyForDeploymentPostprocessing = 0;
		};
/* End PBXSourcesBuildPhase section */

/* Begin PBXVariantGroup section */
		6182BED11F6392420058EFA4 /* Main.storyboard */ = {
			isa = PBXVariantGroup;
			children = (
				6182BED21F6392420058EFA4 /* Base */,
			);
			name = Main.storyboard;
			sourceTree = "<group>";
		};
		6182BED61F6392420058EFA4 /* LaunchScreen.storyboard */ = {
			isa = PBXVariantGroup;
			children = (
				6182BED71F6392420058EFA4 /* Base */,
			);
			name = LaunchScreen.storyboard;
			sourceTree = "<group>";
		};
/* End PBXVariantGroup section */

/* Begin XCBuildConfiguration section */
		6182BEDA1F6392420058EFA4 /* Debug */ = {
			isa = XCBuildConfiguration;
			buildSettings = {
				ALWAYS_SEARCH_USER_PATHS = NO;
				CLANG_ANALYZER_NONNULL = YES;
				CLANG_ANALYZER_NUMBER_OBJECT_CONVERSION = YES_AGGRESSIVE;
				CLANG_CXX_LANGUAGE_STANDARD = "gnu++0x";
				CLANG_CXX_LIBRARY = "libc++";
				CLANG_ENABLE_MODULES = YES;
				CLANG_ENABLE_OBJC_ARC = YES;
				CLANG_WARN_BOOL_CONVERSION = YES;
				CLANG_WARN_CONSTANT_CONVERSION = YES;
				CLANG_WARN_DIRECT_OBJC_ISA_USAGE = YES_ERROR;
				CLANG_WARN_DOCUMENTATION_COMMENTS = YES;
				CLANG_WARN_EMPTY_BODY = YES;
				CLANG_WARN_ENUM_CONVERSION = YES;
				CLANG_WARN_INFINITE_RECURSION = YES;
				CLANG_WARN_INT_CONVERSION = YES;
				CLANG_WARN_OBJC_ROOT_CLASS = YES_ERROR;
				CLANG_WARN_SUSPICIOUS_MOVE = YES;
				CLANG_WARN_UNREACHABLE_CODE = YES;
				CLANG_WARN__DUPLICATE_METHOD_MATCH = YES;
				"CODE_SIGN_IDENTITY[sdk=iphoneos*]" = "iPhone Developer";
				COPY_PHASE_STRIP = NO;
				DEBUG_INFORMATION_FORMAT = dwarf;
				ENABLE_STRICT_OBJC_MSGSEND = YES;
				ENABLE_TESTABILITY = YES;
				GCC_C_LANGUAGE_STANDARD = gnu99;
				GCC_DYNAMIC_NO_PIC = NO;
				GCC_NO_COMMON_BLOCKS = YES;
				GCC_OPTIMIZATION_LEVEL = 0;
				GCC_PREPROCESSOR_DEFINITIONS = (
					"DEBUG=1",
					"$(inherited)",
				);
				GCC_WARN_64_TO_32_BIT_CONVERSION = YES;
				GCC_WARN_ABOUT_RETURN_TYPE = YES_ERROR;
				GCC_WARN_UNDECLARED_SELECTOR = YES;
				GCC_WARN_UNINITIALIZED_AUTOS = YES_AGGRESSIVE;
				GCC_WARN_UNUSED_FUNCTION = YES;
				GCC_WARN_UNUSED_VARIABLE = YES;
				IPHONEOS_DEPLOYMENT_TARGET = 10.3;
				MTL_ENABLE_DEBUG_INFO = YES;
				ONLY_ACTIVE_ARCH = YES;
				SDKROOT = iphoneos;
				SWIFT_ACTIVE_COMPILATION_CONDITIONS = DEBUG;
				SWIFT_OPTIMIZATION_LEVEL = "-Onone";
			};
			name = Debug;
		};
		6182BEDB1F6392420058EFA4 /* Release */ = {
			isa = XCBuildConfiguration;
			buildSettings = {
				ALWAYS_SEARCH_USER_PATHS = NO;
				CLANG_ANALYZER_NONNULL = YES;
				CLANG_ANALYZER_NUMBER_OBJECT_CONVERSION = YES_AGGRESSIVE;
				CLANG_CXX_LANGUAGE_STANDARD = "gnu++0x";
				CLANG_CXX_LIBRARY = "libc++";
				CLANG_ENABLE_MODULES = YES;
				CLANG_ENABLE_OBJC_ARC = YES;
				CLANG_WARN_BOOL_CONVERSION = YES;
				CLANG_WARN_CONSTANT_CONVERSION = YES;
				CLANG_WARN_DIRECT_OBJC_ISA_USAGE = YES_ERROR;
				CLANG_WARN_DOCUMENTATION_COMMENTS = YES;
				CLANG_WARN_EMPTY_BODY = YES;
				CLANG_WARN_ENUM_CONVERSION = YES;
				CLANG_WARN_INFINITE_RECURSION = YES;
				CLANG_WARN_INT_CONVERSION = YES;
				CLANG_WARN_OBJC_ROOT_CLASS = YES_ERROR;
				CLANG_WARN_SUSPICIOUS_MOVE = YES;
				CLANG_WARN_UNREACHABLE_CODE = YES;
				CLANG_WARN__DUPLICATE_METHOD_MATCH = YES;
				"CODE_SIGN_IDENTITY[sdk=iphoneos*]" = "iPhone Developer";
				COPY_PHASE_STRIP = NO;
				DEBUG_INFORMATION_FORMAT = "dwarf-with-dsym";
				ENABLE_NS_ASSERTIONS = NO;
				ENABLE_STRICT_OBJC_MSGSEND = YES;
				GCC_C_LANGUAGE_STANDARD = gnu99;
				GCC_NO_COMMON_BLOCKS = YES;
				GCC_WARN_64_TO_32_BIT_CONVERSION = YES;
				GCC_WARN_ABOUT_RETURN_TYPE = YES_ERROR;
				GCC_WARN_UNDECLARED_SELECTOR = YES;
				GCC_WARN_UNINITIALIZED_AUTOS = YES_AGGRESSIVE;
				GCC_WARN_UNUSED_FUNCTION = YES;
				GCC_WARN_UNUSED_VARIABLE = YES;
				IPHONEOS_DEPLOYMENT_TARGET = 10.3;
				MTL_ENABLE_DEBUG_INFO = NO;
				SDKROOT = iphoneos;
				SWIFT_OPTIMIZATION_LEVEL = "-Owholemodule";
				VALIDATE_PRODUCT = YES;
			};
			name = Release;
		};
		6182BEDD1F6392420058EFA4 /* Debug */ = {
			isa = XCBuildConfiguration;
			baseConfigurationReference = 511A81B9DE4FB7C693B78129 /* Pods-yum.debug.xcconfig */;
			buildSettings = {
				ASSETCATALOG_COMPILER_APPICON_NAME = AppIcon;
				DEVELOPMENT_TEAM = JMQ9Y3A8K6;
				INFOPLIST_FILE = yum/Info.plist;
				IPHONEOS_DEPLOYMENT_TARGET = 9.0;
				LD_RUNPATH_SEARCH_PATHS = "$(inherited) @executable_path/Frameworks";
				PRODUCT_BUNDLE_IDENTIFIER = com.poeen.yum;
				PRODUCT_NAME = "$(TARGET_NAME)";
				SWIFT_OBJC_BRIDGING_HEADER = "yum/Bridging-Header.h";
				SWIFT_VERSION = 3.0;
			};
			name = Debug;
		};
		6182BEDE1F6392420058EFA4 /* Release */ = {
			isa = XCBuildConfiguration;
			baseConfigurationReference = FAEF705E95ED11EF24A8104A /* Pods-yum.release.xcconfig */;
			buildSettings = {
				ASSETCATALOG_COMPILER_APPICON_NAME = AppIcon;
				DEVELOPMENT_TEAM = JMQ9Y3A8K6;
				INFOPLIST_FILE = yum/Info.plist;
				IPHONEOS_DEPLOYMENT_TARGET = 9.0;
				LD_RUNPATH_SEARCH_PATHS = "$(inherited) @executable_path/Frameworks";
				PRODUCT_BUNDLE_IDENTIFIER = com.poeen.yum;
				PRODUCT_NAME = "$(TARGET_NAME)";
				SWIFT_OBJC_BRIDGING_HEADER = "yum/Bridging-Header.h";
				SWIFT_VERSION = 3.0;
			};
			name = Release;
		};
/* End XCBuildConfiguration section */

/* Begin XCConfigurationList section */
		6182BEC51F6392410058EFA4 /* Build configuration list for PBXProject "yum" */ = {
			isa = XCConfigurationList;
			buildConfigurations = (
				6182BEDA1F6392420058EFA4 /* Debug */,
				6182BEDB1F6392420058EFA4 /* Release */,
			);
			defaultConfigurationIsVisible = 0;
			defaultConfigurationName = Release;
		};
		6182BEDC1F6392420058EFA4 /* Build configuration list for PBXNativeTarget "yum" */ = {
			isa = XCConfigurationList;
			buildConfigurations = (
				6182BEDD1F6392420058EFA4 /* Debug */,
				6182BEDE1F6392420058EFA4 /* Release */,
			);
			defaultConfigurationIsVisible = 0;
			defaultConfigurationName = Release;
		};
/* End XCConfigurationList section */
	};
	rootObject = 6182BEC21F6392410058EFA4 /* Project object */;
}
